schema: '2.0'
stages:
  parse_corpus:
    cmd: python pipeline/parse_corpus.py
    deps:
    - path: data/2
      hash: md5
      md5: 36144d653156032b457d19e9c8c9ab3e.dir
      size: 738309514
      nfiles: 5930
    - path: pipeline/parse_corpus.py
      hash: md5
      md5: 1e7ae9c6bedc8368bc271511bfcbb518
      size: 3389
    outs:
    - path: data/processed/corpus_parsed.csv
      hash: md5
      md5: 4a89859bbbb6590502650bf6d3721e27
      size: 3024823
  extract_acoustics:
    cmd: python pipeline/extract_acoustics.py
    deps:
    - path: data/processed/corpus_parsed.csv
      hash: md5
      md5: 4a89859bbbb6590502650bf6d3721e27
      size: 3024823
    - path: pipeline/extract_acoustics.py
      hash: md5
      md5: 210e2107886f11dd4b36d8f339c8c92e
      size: 2437
    outs:
    - path: data/processed/features_acoustic.csv
      hash: md5
      md5: 0937f0fa9d7b83f87bb0aa8acae400e6
      size: 4842432
  extract_neural_whisper:
    cmd: python pipeline/extract_neural_whisper.py
    deps:
    - path: data/processed/corpus_parsed.csv
      hash: md5
      md5: 4a89859bbbb6590502650bf6d3721e27
      size: 3024823
    - path: pipeline/extract_neural_whisper.py
      hash: md5
      md5: 00ac23efbcc46b0ac75237bb52c1cb87
      size: 2471
    outs:
    - path: data/processed/features_whisper.npz
      hash: md5
      md5: 5a5338421234f5c5b4ab0b91c45ac454
      size: 375505412
  extract_neural_xlsr:
    cmd: python pipeline/extract_neural_xlsr.py
    deps:
    - path: data/processed/corpus_parsed.csv
      hash: md5
      md5: 4a89859bbbb6590502650bf6d3721e27
      size: 3024823
    - path: pipeline/extract_neural_xlsr.py
      hash: md5
      md5: adf44751111dbdcadce14f0ba9c01fb0
      size: 2394
    outs:
    - path: data/processed/features_xlsr.npz
      hash: md5
      md5: fb421a1dc6c36450bddc925de612a1e5
      size: 563258108
  normalize:
    cmd: python pipeline/normalize.py
    deps:
    - path: data/processed/features_acoustic.csv
      hash: md5
      md5: 0937f0fa9d7b83f87bb0aa8acae400e6
      size: 4842432
    - path: data/processed/features_whisper.npz
      hash: md5
      md5: 5a5338421234f5c5b4ab0b91c45ac454
      size: 375505412
    - path: data/processed/features_xlsr.npz
      hash: md5
      md5: fb421a1dc6c36450bddc925de612a1e5
      size: 563258108
    - path: pipeline/normalize.py
      hash: md5
      md5: e9805a4f8c547c93cf67194ec4fd7bcc
      size: 1971
    outs:
    - path: data/processed/features_acoustic_norm.csv
      hash: md5
      md5: 20cec366a032f479b2e2166f2d166027
      size: 5721952
    - path: data/processed/features_whisper_pca.npz
      hash: md5
      md5: 966e1b9ec4bbef8b7b5155e8b644f65e
      size: 18335716
    - path: data/processed/features_xlsr_pca.npz
      hash: md5
      md5: e9d9555d4a80ac1c1edbce6d16a52dd3
      size: 27503564
  analyze_acoustics:
    cmd: python pipeline/analyze_acoustics.py
    deps:
    - path: data/processed/features_acoustic_norm.csv
      hash: md5
      md5: 20cec366a032f479b2e2166f2d166027
      size: 5721952
    - path: pipeline/analyze_acoustics.py
      hash: md5
      md5: 4b42cd89f023b79e81715aa0210ba269
      size: 3979
    outs:
    - path: results/acoustic_summary_stats.csv
      hash: md5
      md5: 415f274692fdfcf60b806b8c503bf836
      size: 7471
    - path: results/boxplot_F1_norm.png
      hash: md5
      md5: c7fbcf346fb13e150079dec019959b3c
      size: 191033
    - path: results/boxplot_F2_norm.png
      hash: md5
      md5: c2f0e9b80d573132dba933f6f5190f42
      size: 232307
    - path: results/vowel_chart_centroids.png
      hash: md5
      md5: 298d50ce5f9b382f7a714d0bdfaff0bc
      size: 144610
  analyze_neural:
    cmd: python pipeline/analyze_neural.py
    deps:
    - path: data/processed/corpus_parsed.csv
      hash: md5
      md5: 4a89859bbbb6590502650bf6d3721e27
      size: 3024823
    - path: data/processed/features_whisper.npz
      hash: md5
      md5: 5a5338421234f5c5b4ab0b91c45ac454
      size: 375505412
    - path: data/processed/features_xlsr.npz
      hash: md5
      md5: fb421a1dc6c36450bddc925de612a1e5
      size: 563258108
    - path: pipeline/analyze_neural.py
      hash: md5
      md5: e8efaf4587118e7565d1cfaacd749742
      size: 5518
    outs:
    - path: results/Whisper_PCA_phoneme_label.png
      hash: md5
      md5: cd409cf8cdd692c7f47169717b060c35
      size: 1647112
    - path: results/Whisper_UMAP_phoneme_label.png
      hash: md5
      md5: 6df78fbee7ea492b0273f067ed3baabf
      size: 511080
    - path: results/XLS-R_PCA_phoneme_label.png
      hash: md5
      md5: 1cbf218c25fc2a4dbaea739d6dcdbed9
      size: 2104242
    - path: results/XLS-R_UMAP_phoneme_label.png
      hash: md5
      md5: ea4baea2a705ba96092a3d8c4f50bba7
      size: 445909
    - path: results/neural_metrics_report.txt
      hash: md5
      md5: 74bbbcfbc42362236a27a080139c2dab
      size: 436
