schema: '2.0'
stages:
  parse_corpus:
    cmd: python pipeline/parse_corpus.py
    deps:
    - path: data/2
      hash: md5
      md5: 36144d653156032b457d19e9c8c9ab3e.dir
      size: 738309514
      nfiles: 5930
    - path: pipeline/parse_corpus.py
      hash: md5
      md5: c2ab2b21d52494d8630217ee4ded7225
      size: 4868
    outs:
    - path: data/processed/corpus_parsed.csv
      hash: md5
      md5: 4a89859bbbb6590502650bf6d3721e27
      size: 3024823
